// !$*UTF8*$!
{
	archiveVersion = 1;
	classes = {
	};
	objectVersion = 55;
	objects = {

/* Begin PBXBuildFile section */
		71986E1828C11DE700B39C4C /* marsByCuriosityApp.swift in Sources */ = {isa = PBXBuildFile; fileRef = 71986E1728C11DE700B39C4C /* marsByCuriosityApp.swift */; };
		71986E1C28C11DEA00B39C4C /* Assets.xcassets in Resources */ = {isa = PBXBuildFile; fileRef = 71986E1B28C11DEA00B39C4C /* Assets.xcassets */; };
		71986E1F28C11DEA00B39C4C /* Preview Assets.xcassets in Resources */ = {isa = PBXBuildFile; fileRef = 71986E1E28C11DEA00B39C4C /* Preview Assets.xcassets */; };
		71986E2828C11F1D00B39C4C /* Photos.swift in Sources */ = {isa = PBXBuildFile; fileRef = 71986E2728C11F1D00B39C4C /* Photos.swift */; };
		71986E2C28C1207D00B39C4C /* PhotosItem.swift in Sources */ = {isa = PBXBuildFile; fileRef = 71986E2B28C1207D00B39C4C /* PhotosItem.swift */; };
		71986E2E28C122A400B39C4C /* Camera.swift in Sources */ = {isa = PBXBuildFile; fileRef = 71986E2D28C122A400B39C4C /* Camera.swift */; };
		71986E3128C123AA00B39C4C /* ApiService.swift in Sources */ = {isa = PBXBuildFile; fileRef = 71986E3028C123AA00B39C4C /* ApiService.swift */; };
		71986E3328C1273600B39C4C /* PhotosViewModel.swift in Sources */ = {isa = PBXBuildFile; fileRef = 71986E3228C1273600B39C4C /* PhotosViewModel.swift */; };
		71986E3528C127A700B39C4C /* PhotoCard.swift in Sources */ = {isa = PBXBuildFile; fileRef = 71986E3428C127A700B39C4C /* PhotoCard.swift */; };
		71986E3828C12B1B00B39C4C /* PhotosView.swift in Sources */ = {isa = PBXBuildFile; fileRef = 71986E3728C12B1B00B39C4C /* PhotosView.swift */; };
		71986E3B28C1F74700B39C4C /* LaunchScreen.storyboard in Resources */ = {isa = PBXBuildFile; fileRef = 71986E3A28C1F74700B39C4C /* LaunchScreen.storyboard */; };
/* End PBXBuildFile section */

/* Begin PBXFileReference section */
		71986E1428C11DE700B39C4C /* mars-by-curiosity.app */ = {isa = PBXFileReference; explicitFileType = wrapper.application; includeInIndex = 0; path = "mars-by-curiosity.app"; sourceTree = BUILT_PRODUCTS_DIR; };
		71986E1728C11DE700B39C4C /* marsByCuriosityApp.swift */ = {isa = PBXFileReference; lastKnownFileType = sourcecode.swift; path = marsByCuriosityApp.swift; sourceTree = "<group>"; };
		71986E1B28C11DEA00B39C4C /* Assets.xcassets */ = {isa = PBXFileReference; lastKnownFileType = folder.assetcatalog; path = Assets.xcassets; sourceTree = "<group>"; };
		71986E1E28C11DEA00B39C4C /* Preview Assets.xcassets */ = {isa = PBXFileReference; lastKnownFileType = folder.assetcatalog; path = "Preview Assets.xcassets"; sourceTree = "<group>"; };
		71986E2728C11F1D00B39C4C /* Photos.swift */ = {isa = PBXFileReference; lastKnownFileType = sourcecode.swift; path = Photos.swift; sourceTree = "<group>"; };
		71986E2B28C1207D00B39C4C /* PhotosItem.swift */ = {isa = PBXFileReference; lastKnownFileType = sourcecode.swift; path = PhotosItem.swift; sourceTree = "<group>"; };
		71986E2D28C122A400B39C4C /* Camera.swift */ = {isa = PBXFileReference; lastKnownFileType = sourcecode.swift; path = Camera.swift; sourceTree = "<group>"; };
		71986E3028C123AA00B39C4C /* ApiService.swift */ = {isa = PBXFileReference; lastKnownFileType = sourcecode.swift; path = ApiService.swift; sourceTree = "<group>"; };
		71986E3228C1273600B39C4C /* PhotosViewModel.swift */ = {isa = PBXFileReference; lastKnownFileType = sourcecode.swift; path = PhotosViewModel.swift; sourceTree = "<group>"; };
		71986E3428C127A700B39C4C /* PhotoCard.swift */ = {isa = PBXFileReference; lastKnownFileType = sourcecode.swift; path = PhotoCard.swift; sourceTree = "<group>"; };
		71986E3728C12B1B00B39C4C /* PhotosView.swift */ = {isa = PBXFileReference; lastKnownFileType = sourcecode.swift; path = PhotosView.swift; sourceTree = "<group>"; };
		71986E3928C1F6B700B39C4C /* Info.plist */ = {isa = PBXFileReference; lastKnownFileType = text.plist; path = Info.plist; sourceTree = "<group>"; };
		71986E3A28C1F74700B39C4C /* LaunchScreen.storyboard */ = {isa = PBXFileReference; lastKnownFileType = file.storyboard; path = LaunchScreen.storyboard; sourceTree = "<group>"; };
/* End PBXFileReference section */

/* Begin PBXFrameworksBuildPhase section */
		71986E1128C11DE700B39C4C /* Frameworks */ = {
			isa = PBXFrameworksBuildPhase;
			buildActionMask = 2147483647;
			files = (
			);
			runOnlyForDeploymentPostprocessing = 0;
		};
/* End PBXFrameworksBuildPhase section */

/* Begin PBXGroup section */
		71986E0B28C11DE700B39C4C = {
			isa = PBXGroup;
			children = (
				71986E3A28C1F74700B39C4C /* LaunchScreen.storyboard */,
				71986E1628C11DE700B39C4C /* mars-by-curiosity */,
				71986E1528C11DE700B39C4C /* Products */,
			);
			sourceTree = "<group>";
		};
		71986E1528C11DE700B39C4C /* Products */ = {
			isa = PBXGroup;
			children = (
				71986E1428C11DE700B39C4C /* mars-by-curiosity.app */,
			);
			name = Products;
			sourceTree = "<group>";
		};
		71986E1628C11DE700B39C4C /* mars-by-curiosity */ = {
			isa = PBXGroup;
			children = (
				71986E3928C1F6B700B39C4C /* Info.plist */,
				71986E2F28C1238700B39C4C /* Network */,
				71986E2528C11EDF00B39C4C /* Models */,
				71986E1728C11DE700B39C4C /* marsByCuriosityApp.swift */,
				71986E1B28C11DEA00B39C4C /* Assets.xcassets */,
				71986E1D28C11DEA00B39C4C /* Preview Content */,
				71986E3228C1273600B39C4C /* PhotosViewModel.swift */,
				71986E3728C12B1B00B39C4C /* PhotosView.swift */,
			);
			path = "mars-by-curiosity";
			sourceTree = "<group>";
		};
		71986E1D28C11DEA00B39C4C /* Preview Content */ = {
			isa = PBXGroup;
			children = (
				71986E1E28C11DEA00B39C4C /* Preview Assets.xcassets */,
			);
			path = "Preview Content";
			sourceTree = "<group>";
		};
		71986E2528C11EDF00B39C4C /* Models */ = {
			isa = PBXGroup;
			children = (
				71986E3628C128E300B39C4C /* ResponseModels */,
				71986E3428C127A700B39C4C /* PhotoCard.swift */,
			);
			path = Models;
			sourceTree = "<group>";
		};
		71986E2F28C1238700B39C4C /* Network */ = {
			isa = PBXGroup;
			children = (
				71986E3028C123AA00B39C4C /* ApiService.swift */,
			);
			path = Network;
			sourceTree = "<group>";
		};
		71986E3628C128E300B39C4C /* ResponseModels */ = {
			isa = PBXGroup;
			children = (
				71986E2728C11F1D00B39C4C /* Photos.swift */,
				71986E2B28C1207D00B39C4C /* PhotosItem.swift */,
				71986E2D28C122A400B39C4C /* Camera.swift */,
			);
			path = ResponseModels;
			sourceTree = "<group>";
		};
/* End PBXGroup section */

/* Begin PBXNativeTarget section */
		71986E1328C11DE700B39C4C /* mars-by-curiosity */ = {
			isa = PBXNativeTarget;
			buildConfigurationList = 71986E2228C11DEA00B39C4C /* Build configuration list for PBXNativeTarget "mars-by-curiosity" */;
			buildPhases = (
				71986E1028C11DE700B39C4C /* Sources */,
				71986E1128C11DE700B39C4C /* Frameworks */,
				71986E1228C11DE700B39C4C /* Resources */,
			);
			buildRules = (
			);
			dependencies = (
			);
			name = "mars-by-curiosity";
			productName = "mars-by-curiosity";
			productReference = 71986E1428C11DE700B39C4C /* mars-by-curiosity.app */;
			productType = "com.apple.product-type.application";
		};
/* End PBXNativeTarget section */

/* Begin PBXProject section */
		71986E0C28C11DE700B39C4C /* Project object */ = {
			isa = PBXProject;
			attributes = {
				BuildIndependentTargetsInParallel = 1;
				LastSwiftUpdateCheck = 1340;
				LastUpgradeCheck = 1340;
				TargetAttributes = {
					71986E1328C11DE700B39C4C = {
						CreatedOnToolsVersion = 13.4.1;
					};
				};
			};
			buildConfigurationList = 71986E0F28C11DE700B39C4C /* Build configuration list for PBXProject "mars-by-curiosity" */;
			compatibilityVersion = "Xcode 13.0";
			developmentRegion = en;
			hasScannedForEncodings = 0;
			knownRegions = (
				en,
				Base,
			);
			mainGroup = 71986E0B28C11DE700B39C4C;
			productRefGroup = 71986E1528C11DE700B39C4C /* Products */;
			projectDirPath = "";
			projectRoot = "";
			targets = (
				71986E1328C11DE700B39C4C /* mars-by-curiosity */,
			);
		};
/* End PBXProject section */

/* Begin PBXResourcesBuildPhase section */
		71986E1228C11DE700B39C4C /* Resources */ = {
			isa = PBXResourcesBuildPhase;
			buildActionMask = 2147483647;
			files = (
				71986E3B28C1F74700B39C4C /* LaunchScreen.storyboard in Resources */,
				71986E1F28C11DEA00B39C4C /* Preview Assets.xcassets in Resources */,
				71986E1C28C11DEA00B39C4C /* Assets.xcassets in Resources */,
			);
			runOnlyForDeploymentPostprocessing = 0;
		};
/* End PBXResourcesBuildPhase section */

/* Begin PBXSourcesBuildPhase section */
		71986E1028C11DE700B39C4C /* Sources */ = {
			isa = PBXSourcesBuildPhase;
			buildActionMask = 2147483647;
			files = (
				71986E3328C1273600B39C4C /* PhotosViewModel.swift in Sources */,
				71986E2828C11F1D00B39C4C /* Photos.swift in Sources */,
				71986E2E28C122A400B39C4C /* Camera.swift in Sources */,
				71986E3128C123AA00B39C4C /* ApiService.swift in Sources */,
				71986E3828C12B1B00B39C4C /* PhotosView.swift in Sources */,
				71986E1828C11DE700B39C4C /* marsByCuriosityApp.swift in Sources */,
				71986E3528C127A700B39C4C /* PhotoCard.swift in Sources */,
				71986E2C28C1207D00B39C4C /* PhotosItem.swift in Sources */,
			);
			runOnlyForDeploymentPostprocessing = 0;
		};
/* End PBXSourcesBuildPhase section */

/* Begin XCBuildConfiguration section */
		71986E2028C11DEA00B39C4C /* Debug */ = {
			isa = XCBuildConfiguration;
			buildSettings = {
				ALWAYS_SEARCH_USER_PATHS = NO;
				CLANG_ANALYZER_NONNULL = YES;
				CLANG_ANALYZER_NUMBER_OBJECT_CONVERSION = YES_AGGRESSIVE;
				CLANG_CXX_LANGUAGE_STANDARD = "gnu++17";
				CLANG_ENABLE_MODULES = YES;
				CLANG_ENABLE_OBJC_ARC = YES;
				CLANG_ENABLE_OBJC_WEAK = YES;
				CLANG_WARN_BLOCK_CAPTURE_AUTORELEASING = YES;
				CLANG_WARN_BOOL_CONVERSION = YES;
				CLANG_WARN_COMMA = YES;
				CLANG_WARN_CONSTANT_CONVERSION = YES;
				CLANG_WARN_DEPRECATED_OBJC_IMPLEMENTATIONS = YES;
				CLANG_WARN_DIRECT_OBJC_ISA_USAGE = YES_ERROR;
				CLANG_WARN_DOCUMENTATION_COMMENTS = YES;
				CLANG_WARN_EMPTY_BODY = YES;
				CLANG_WARN_ENUM_CONVERSION = YES;
				CLANG_WARN_INFINITE_RECURSION = YES;
				CLANG_WARN_INT_CONVERSION = YES;
				CLANG_WARN_NON_LITERAL_NULL_CONVERSION = YES;
				CLANG_WARN_OBJC_IMPLICIT_RETAIN_SELF = YES;
				CLANG_WARN_OBJC_LITERAL_CONVERSION = YES;
				CLANG_WARN_OBJC_ROOT_CLASS = YES_ERROR;
				CLANG_WARN_QUOTED_INCLUDE_IN_FRAMEWORK_HEADER = YES;
				CLANG_WARN_RANGE_LOOP_ANALYSIS = YES;
				CLANG_WARN_STRICT_PROTOTYPES = YES;
				CLANG_WARN_SUSPICIOUS_MOVE = YES;
				CLANG_WARN_UNGUARDED_AVAILABILITY = YES_AGGRESSIVE;
				CLANG_WARN_UNREACHABLE_CODE = YES;
				CLANG_WARN__DUPLICATE_METHOD_MATCH = YES;
				COPY_PHASE_STRIP = NO;
				DEBUG_INFORMATION_FORMAT = dwarf;
				ENABLE_STRICT_OBJC_MSGSEND = YES;
				ENABLE_TESTABILITY = YES;
				GCC_C_LANGUAGE_STANDARD = gnu11;
				GCC_DYNAMIC_NO_PIC = NO;
				GCC_NO_COMMON_BLOCKS = YES;
				GCC_OPTIMIZATION_LEVEL = 0;
				GCC_PREPROCESSOR_DEFINITIONS = (
					"DEBUG=1",
					"$(inherited)",
				);
				GCC_WARN_64_TO_32_BIT_CONVERSION = YES;
				GCC_WARN_ABOUT_RETURN_TYPE = YES_ERROR;
				GCC_WARN_UNDECLARED_SELECTOR = YES;
				GCC_WARN_UNINITIALIZED_AUTOS = YES_AGGRESSIVE;
				GCC_WARN_UNUSED_FUNCTION = YES;
				GCC_WARN_UNUSED_VARIABLE = YES;
				IPHONEOS_DEPLOYMENT_TARGET = 15.5;
				MTL_ENABLE_DEBUG_INFO = INCLUDE_SOURCE;
				MTL_FAST_MATH = YES;
				ONLY_ACTIVE_ARCH = YES;
				SDKROOT = iphoneos;
				SWIFT_ACTIVE_COMPILATION_CONDITIONS = DEBUG;
				SWIFT_OPTIMIZATION_LEVEL = "-Onone";
			};
			name = Debug;
		};
		71986E2128C11DEA00B39C4C /* Release */ = {
			isa = XCBuildConfiguration;
			buildSettings = {
				ALWAYS_SEARCH_USER_PATHS = NO;
				CLANG_ANALYZER_NONNULL = YES;
				CLANG_ANALYZER_NUMBER_OBJECT_CONVERSION = YES_AGGRESSIVE;
				CLANG_CXX_LANGUAGE_STANDARD = "gnu++17";
				CLANG_ENABLE_MODULES = YES;
				CLANG_ENABLE_OBJC_ARC = YES;
				CLANG_ENABLE_OBJC_WEAK = YES;
				CLANG_WARN_BLOCK_CAPTURE_AUTORELEASING = YES;
				CLANG_WARN_BOOL_CONVERSION = YES;
				CLANG_WARN_COMMA = YES;
				CLANG_WARN_CONSTANT_CONVERSION = YES;
				CLANG_WARN_DEPRECATED_OBJC_IMPLEMENTATIONS = YES;
				CLANG_WARN_DIRECT_OBJC_ISA_USAGE = YES_ERROR;
				CLANG_WARN_DOCUMENTATION_COMMENTS = YES;
				CLANG_WARN_EMPTY_BODY = YES;
				CLANG_WARN_ENUM_CONVERSION = YES;
				CLANG_WARN_INFINITE_RECURSION = YES;
				CLANG_WARN_INT_CONVERSION = YES;
				CLANG_WARN_NON_LITERAL_NULL_CONVERSION = YES;
				CLANG_WARN_OBJC_IMPLICIT_RETAIN_SELF = YES;
				CLANG_WARN_OBJC_LITERAL_CONVERSION = YES;
				CLANG_WARN_OBJC_ROOT_CLASS = YES_ERROR;
				CLANG_WARN_QUOTED_INCLUDE_IN_FRAMEWORK_HEADER = YES;
				CLANG_WARN_RANGE_LOOP_ANALYSIS = YES;
				CLANG_WARN_STRICT_PROTOTYPES = YES;
				CLANG_WARN_SUSPICIOUS_MOVE = YES;
				CLANG_WARN_UNGUARDED_AVAILABILITY = YES_AGGRESSIVE;
				CLANG_WARN_UNREACHABLE_CODE = YES;
				CLANG_WARN__DUPLICATE_METHOD_MATCH = YES;
				COPY_PHASE_STRIP = NO;
				DEBUG_INFORMATION_FORMAT = "dwarf-with-dsym";
				ENABLE_NS_ASSERTIONS = NO;
				ENABLE_STRICT_OBJC_MSGSEND = YES;
				GCC_C_LANGUAGE_STANDARD = gnu11;
				GCC_NO_COMMON_BLOCKS = YES;
				GCC_WARN_64_TO_32_BIT_CONVERSION = YES;
				GCC_WARN_ABOUT_RETURN_TYPE = YES_ERROR;
				GCC_WARN_UNDECLARED_SELECTOR = YES;
				GCC_WARN_UNINITIALIZED_AUTOS = YES_AGGRESSIVE;
				GCC_WARN_UNUSED_FUNCTION = YES;
				GCC_WARN_UNUSED_VARIABLE = YES;
				IPHONEOS_DEPLOYMENT_TARGET = 15.5;
				MTL_ENABLE_DEBUG_INFO = NO;
				MTL_FAST_MATH = YES;
				SDKROOT = iphoneos;
				SWIFT_COMPILATION_MODE = wholemodule;
				SWIFT_OPTIMIZATION_LEVEL = "-O";
				VALIDATE_PRODUCT = YES;
			};
			name = Release;
		};
		71986E2328C11DEA00B39C4C /* Debug */ = {
			isa = XCBuildConfiguration;
			buildSettings = {
				ASSETCATALOG_COMPILER_APPICON_NAME = AppIcon;
				ASSETCATALOG_COMPILER_GLOBAL_ACCENT_COLOR_NAME = AccentColor;
				CODE_SIGN_STYLE = Automatic;
				CURRENT_PROJECT_VERSION = 1;
				DEVELOPMENT_ASSET_PATHS = "\"mars-by-curiosity/Preview Content\"";
				DEVELOPMENT_TEAM = 4AW3ZWSN4J;
				ENABLE_PREVIEWS = YES;
				GENERATE_INFOPLIST_FILE = YES;
				INFOPLIST_FILE = "mars-by-curiosity/Info.plist";
				INFOPLIST_KEY_UIApplicationSceneManifest_Generation = YES;
				INFOPLIST_KEY_UIApplicationSupportsIndirectInputEvents = YES;
				INFOPLIST_KEY_UILaunchStoryboardName = LaunchScreen;
				INFOPLIST_KEY_UISupportedInterfaceOrientations_iPad = "UIInterfaceOrientationPortrait UIInterfaceOrientationPortraitUpsideDown UIInterfaceOrientationLandscapeLeft UIInterfaceOrientationLandscapeRight";
				INFOPLIST_KEY_UISupportedInterfaceOrientations_iPhone = "UIInterfaceOrientationPortrait UIInterfaceOrientationLandscapeLeft UIInterfaceOrientationLandscapeRight";
				LD_RUNPATH_SEARCH_PATHS = (
					"$(inherited)",
					"@executable_path/Frameworks",
				);
				MARKETING_VERSION = 1.0;
				PRODUCT_BUNDLE_IDENTIFIER = "com.ebulavina.mars-by-curiosity";
				PRODUCT_NAME = "$(TARGET_NAME)";
				SWIFT_EMIT_LOC_STRINGS = YES;
				SWIFT_VERSION = 5.0;
				TARGETED_DEVICE_FAMILY = "1,2";
			};
			name = Debug;
		};
		71986E2428C11DEA00B39C4C /* Release */ = {
			isa = XCBuildConfiguration;
			buildSettings = {
				ASSETCATALOG_COMPILER_APPICON_NAME = AppIcon;
				ASSETCATALOG_COMPILER_GLOBAL_ACCENT_COLOR_NAME = AccentColor;
				CODE_SIGN_STYLE = Automatic;
				CURRENT_PROJECT_VERSION = 1;
				DEVELOPMENT_ASSET_PATHS = "\"mars-by-curiosity/Preview Content\"";
				DEVELOPMENT_TEAM = 4AW3ZWSN4J;
				ENABLE_PREVIEWS = YES;
				GENERATE_INFOPLIST_FILE = YES;
				INFOPLIST_FILE = "mars-by-curiosity/Info.plist";
				INFOPLIST_KEY_UIApplicationSceneManifest_Generation = YES;
				INFOPLIST_KEY_UIApplicationSupportsIndirectInputEvents = YES;
				INFOPLIST_KEY_UILaunchStoryboardName = LaunchScreen;
				INFOPLIST_KEY_UISupportedInterfaceOrientations_iPad = "UIInterfaceOrientationPortrait UIInterfaceOrientationPortraitUpsideDown UIInterfaceOrientationLandscapeLeft UIInterfaceOrientationLandscapeRight";
				INFOPLIST_KEY_UISupportedInterfaceOrientations_iPhone = "UIInterfaceOrientationPortrait UIInterfaceOrientationLandscapeLeft UIInterfaceOrientationLandscapeRight";
				LD_RUNPATH_SEARCH_PATHS = (
					"$(inherited)",
					"@executable_path/Frameworks",
				);
				MARKETING_VERSION = 1.0;
				PRODUCT_BUNDLE_IDENTIFIER = "com.ebulavina.mars-by-curiosity";
				PRODUCT_NAME = "$(TARGET_NAME)";
				SWIFT_EMIT_LOC_STRINGS = YES;
				SWIFT_VERSION = 5.0;
				TARGETED_DEVICE_FAMILY = "1,2";
			};
			name = Release;
		};
/* End XCBuildConfiguration section */

/* Begin XCConfigurationList section */
		71986E0F28C11DE700B39C4C /* Build configuration list for PBXProject "mars-by-curiosity" */ = {
			isa = XCConfigurationList;
			buildConfigurations = (
				71986E2028C11DEA00B39C4C /* Debug */,
				71986E2128C11DEA00B39C4C /* Release */,
			);
			defaultConfigurationIsVisible = 0;
			defaultConfigurationName = Release;
		};
		71986E2228C11DEA00B39C4C /* Build configuration list for PBXNativeTarget "mars-by-curiosity" */ = {
			isa = XCConfigurationList;
			buildConfigurations = (
				71986E2328C11DEA00B39C4C /* Debug */,
				71986E2428C11DEA00B39C4C /* Release */,
			);
			defaultConfigurationIsVisible = 0;
			defaultConfigurationName = Release;
		};
/* End XCConfigurationList section */
	};
	rootObject = 71986E0C28C11DE700B39C4C /* Project object */;
}
